github.com/Shimi9999/gobms v0.0.0-20241005122424-a186d7d4a3d4 h1:3f6KiYEPraUmBM6mkHg7NRokBgxyTvNL3EI333Xxv5Q=
github.com/Shimi9999/gobms v0.0.0-20241005122424-a186d7d4a3d4/go.mod h1:cXUkYUTYlI9oZWvYmQUQLsn2L5rudhc/7VfbMYF0+IE=
golang.org/x/text v0.3.7 h1:olpwvP2KacW1ZWvsR7uQhoyTYvKAupfQrRGBFM352Gk=
golang.org/x/text v0.3.7/go.mod h1:u+2+/6zg+i71rQMx5EYifcz6MCKuco9NR6JIITiCfzQ=
